
Microsoft Visual Studio Solution File, Format Version 12.00
# Visual Studio Version 17
VisualStudioVersion = 17.3.32922.545
MinimumVisualStudioVersion = 10.0.40219.1
Project("{FAE04EC0-301F-11D3-BF4B-00C04F79EFBC}") = "PartialViewLayerDB_Bieren", "PartialViewLayerDB_Bieren\PartialViewLayerDB_Bieren.csproj", "{EBDFC9A7-0A21-4197-9717-7195F9382F20}"
EndProject
Project("{FAE04EC0-301F-11D3-BF4B-00C04F79EFBC}") = "PartialView.Models", "PartialView.Models\PartialView.Models.csproj", "{A92B37D8-E114-48A8-ADFE-CB4B6AC8A2A7}"
EndProject
Project("{FAE04EC0-301F-11D3-BF4B-00C04F79EFBC}") = "PartialView.Repositories", "PartialView.Repositories\PartialView.Repositories.csproj", "{73FB4318-098E-4AB5-BA28-99ABB3C2DF9C}"
EndProject
Project("{FAE04EC0-301F-11D3-BF4B-00C04F79EFBC}") = "PartialView.Service", "PartialView.Service\PartialView.Service.csproj", "{7D70FEA5-F357-4E04-9D99-83886E00D56D}"
EndProject
Global
	GlobalSection(SolutionConfigurationPlatforms) = preSolution
		Debug|Any CPU = Debug|Any CPU
		Release|Any CPU = Release|Any CPU
	EndGlobalSection
	GlobalSection(ProjectConfigurationPlatforms) = postSolution
		{EBDFC9A7-0A21-4197-9717-7195F9382F20}.Debug|Any CPU.ActiveCfg = Debug|Any CPU
		{EBDFC9A7-0A21-4197-9717-7195F9382F20}.Debug|Any CPU.Build.0 = Debug|Any CPU
		{EBDFC9A7-0A21-4197-9717-7195F9382F20}.Release|Any CPU.ActiveCfg = Release|Any CPU
		{EBDFC9A7-0A21-4197-9717-7195F9382F20}.Release|Any CPU.Build.0 = Release|Any CPU
		{A92B37D8-E114-48A8-ADFE-CB4B6AC8A2A7}.Debug|Any CPU.ActiveCfg = Debug|Any CPU
		{A92B37D8-E114-48A8-ADFE-CB4B6AC8A2A7}.Debug|Any CPU.Build.0 = Debug|Any CPU
		{A92B37D8-E114-48A8-ADFE-CB4B6AC8A2A7}.Release|Any CPU.ActiveCfg = Release|Any CPU
		{A92B37D8-E114-48A8-ADFE-CB4B6AC8A2A7}.Release|Any CPU.Build.0 = Release|Any CPU
		{73FB4318-098E-4AB5-BA28-99ABB3C2DF9C}.Debug|Any CPU.ActiveCfg = Debug|Any CPU
		{73FB4318-098E-4AB5-BA28-99ABB3C2DF9C}.Debug|Any CPU.Build.0 = Debug|Any CPU
		{73FB4318-098E-4AB5-BA28-99ABB3C2DF9C}.Release|Any CPU.ActiveCfg = Release|Any CPU
		{73FB4318-098E-4AB5-BA28-99ABB3C2DF9C}.Release|Any CPU.Build.0 = Release|Any CPU
		{7D70FEA5-F357-4E04-9D99-83886E00D56D}.Debug|Any CPU.ActiveCfg = Debug|Any CPU
		{7D70FEA5-F357-4E04-9D99-83886E00D56D}.Debug|Any CPU.Build.0 = Debug|Any CPU
		{7D70FEA5-F357-4E04-9D99-83886E00D56D}.Release|Any CPU.ActiveCfg = Release|Any CPU
		{7D70FEA5-F357-4E04-9D99-83886E00D56D}.Release|Any CPU.Build.0 = Release|Any CPU
	EndGlobalSection
	GlobalSection(SolutionProperties) = preSolution
		HideSolutionNode = FALSE
	EndGlobalSection
	GlobalSection(ExtensibilityGlobals) = postSolution
		SolutionGuid = {98C06215-2050-426A-B032-EDD54CCB4A36}
	EndGlobalSection
EndGlobal
